github.com/aws/aws-lambda-go v1.41.0 h1:l/5fyVb6Ud9uYd411xdHZzSf2n86TakxzpvIoz7l+3Y=
github.com/aws/aws-lambda-go v1.41.0/go.mod h1:jwFe2KmMsHmffA1X2R09hH6lFzJQxzI8qK17ewzbQMM=
github.com/aws/aws-sdk-go-v2 v1.22.1 h1:sjnni/AuoTXxHitsIdT0FwmqUuNUuHtufcVDErVFT9U=
github.com/aws/aws-sdk-go-v2 v1.22.1/go.mod h1:Kd0OJtkW3Q0M0lUWGszapWjEvrXDzRW+D21JNsroB+c=
github.com/aws/aws-sdk-go-v2/aws/protocol/eventstream v1.5.0 h1:hHgLiIrTRtddC0AKcJr5s7i/hLgcpTt+q/FKxf1Zayk=
github.com/aws/aws-sdk-go-v2/aws/protocol/eventstream v1.5.0/go.mod h1:w4I/v3NOWgD+qvs1NPEwhd++1h3XPHFaVxasfY6HlYQ=
github.com/aws/aws-sdk-go-v2/config v1.21.0 h1:BZEX5S6hkrAJ9rJn2hEMWIMkg+l1RC7gBQ84qkb0Cp0=
github.com/aws/aws-sdk-go-v2/config v1.21.0/go.mod h1:DMs4GYoTUo21V0cuDvwbdRb6coTcJ/EJxD7/WYZOinA=
github.com/aws/aws-sdk-go-v2/credentials v1.15.0 h1:gSRUMOU/wxxf89+4XYg0hYwOmcgdA0bohb7A/5nO+oE=
github.com/aws/aws-sdk-go-v2/credentials v1.15.0/go.mod h1:2zRQYW9jm3t18Ku+qP/107djyjAL7Ght6eBTWiNF/5c=
github.com/aws/aws-sdk-go-v2/feature/dynamodb/attributevalue v1.12.0 h1:nKmTvugKsuO2bHkL0vkpHEFtRoT/ijOVx0VdP+LLjgw=
github.com/aws/aws-sdk-go-v2/feature/dynamodb/attributevalue v1.12.0/go.mod h1:vxJ/EEKuP9CCSG4lEViyU9i5gr2M0X5OIJqTcX/oxuU=
github.com/aws/aws-sdk-go-v2/feature/dynamodb/expression v1.6.0 h1:X1ulzBZUbA3FvhusOSxWi5ydpJ4esDEPUjUGntICviA=
github.com/aws/aws-sdk-go-v2/feature/dynamodb/expression v1.6.0/go.mod h1:IvXmwnsg/PfK6Ax78OZw4PW7KWzjTX1lp/2JnPvxRMo=
github.com/aws/aws-sdk-go-v2/feature/ec2/imds v1.14.1 h1:PYlUVUJRnXf2QU7IS+WLNSoU42f/oYRAmpwvXRH0Zq4=
github.com/aws/aws-sdk-go-v2/feature/ec2/imds v1.14.1/go.mod h1:wLyMIo/zPOhQhPXTddpfdkSleyigtFi8iMnC+2m/SK4=
github.com/aws/aws-sdk-go-v2/internal/configsources v1.2.1 h1:fi1ga6WysOyYb5PAf3Exd6B5GiSNpnZim4h1rhlBqx0=
github.com/aws/aws-sdk-go-v2/internal/configsources v1.2.1/go.mod h1:V5CY8wNurvPUibTi9mwqUqpiFZ5LnioKWIFUDtIzdI8=
github.com/aws/aws-sdk-go-v2/internal/endpoints/v2 v2.5.1 h1:ZpaV/j48RlPc4AmOZuPv22pJliXjXq8/reL63YzyFnw=
github.com/aws/aws-sdk-go-v2/internal/endpoints/v2 v2.5.1/go.mod h1:R8aXraabD2e3qv1csxM14/X9WF4wFMIY0kH4YEtYD5M=
github.com/aws/aws-sdk-go-v2/internal/ini v1.5.0 h1:DqOQvIfmGkXZUVJnl9VRk0AnxyS59tCtX9k1Pyss4Ak=
github.com/aws/aws-sdk-go-v2/internal/ini v1.5.0/go.mod h1:VV/Kbw9Mg1GWJOT9WK+oTL3cWZiXtapnNvDSRqTZLsg=
github.com/aws/aws-sdk-go-v2/internal/v4a v1.2.1 h1:vzYLDkwTw4CY0vUk84MeSufRf8XIsC/GsoIFXD60sTg=
github.com/aws/aws-sdk-go-v2/internal/v4a v1.2.1/go.mod h1:ToBFBnjeGR2ruMx8IWp/y7vSK3Irj5/oPwifruiqoOM=
github.com/aws/aws-sdk-go-v2/service/dynamodb v1.25.0 h1:wAG9NailFhGhg8Ngg2YeCtzGmFWc63SYqJKdvN5ZMkE=
github.com/aws/aws-sdk-go-v2/service/dynamodb v1.25.0/go.mod h1:ByrosnNlEq6xkA0d+FwB4f0HH/5KWCcgBqVxAt+Rsps=
github.com/aws/aws-sdk-go-v2/service/dynamodbstreams v1.17.0 h1:iTGBKvqZNU9SsQCzRiK8f0u9kVtdG4K1Q68A97JRn6w=
github.com/aws/aws-sdk-go-v2/service/dynamodbstreams v1.17.0/go.mod h1:EabdnPA1OVcrolKX/hyMSNvJv8MBCZtlAlncsg/b/rA=
github.com/aws/aws-sdk-go-v2/service/internal/accept-encoding v1.10.0 h1:CJxo7ZBbaIzmXfV3hjcx36n9V87gJsIUPJflwqEHl3Q=
github.com/aws/aws-sdk-go-v2/service/internal/accept-encoding v1.10.0/go.mod h1:yjVfjuY4nD1EW9i387Kau+I6V5cBA5YnC/mWNopjZrI=
github.com/aws/aws-sdk-go-v2/service/internal/checksum v1.2.1 h1:15FUCJzAP9Y25nioTqTrGlZmhOtthaXBWlt4pS+d3Xo=
github.com/aws/aws-sdk-go-v2/service/internal/checksum v1.2.1/go.mod h1:5655NW53Un6l7JzkI6AA3rZvf0m532cSnLThA1fVXcA=
github.com/aws/aws-sdk-go-v2/service/internal/endpoint-discovery v1.8.1 h1:aY45T0Xk+xHHrQPlQrp8IhrgN7k4SL5VF2UXhsmI2rs=
github.com/aws/aws-sdk-go-v2/service/internal/endpoint-discovery v1.8.1/go.mod h1:5E/dXkj2ljMIAvuYaFuYwitKJg6ULwsDbUr3g8izVB0=
github.com/aws/aws-sdk-go-v2/service/internal/presigned-url v1.10.1 h1:2OXw3ppu1XsB6rqKEMV4tnecTjIY3PRV2U6IP6KPJQo=
github.com/aws/aws-sdk-go-v2/service/internal/presigned-url v1.10.1/go.mod h1:FZB4AdakIqW/yERVdGJA6Z9jraax1beXfhBBnK2wwR8=
github.com/aws/aws-sdk-go-v2/service/internal/s3shared v1.16.1 h1:dnl0klXYX9EKpzZbWlH5LJL+YTcEZcJEMPFFr/rAHUQ=
github.com/aws/aws-sdk-go-v2/service/internal/s3shared v1.16.1/go.mod h1:Mfk/9Joso4tCQYzM4q4HRUIqwln8lnIIMB/OE8Zebdc=
github.com/aws/aws-sdk-go-v2/service/s3 v1.42.0 h1:u0YoSrxjr3Lm+IqIlRAV+4YTFwkXjyB9db9CfUFge2w=
github.com/aws/aws-sdk-go-v2/service/s3 v1.42.0/go.mod h1:98EIdRu+BNsdqITsXfy+57TZfwlUQC9aDn9a9qoo90U=
github.com/aws/aws-sdk-go-v2/service/sso v1.17.0 h1:I/Oh3IxGPfHXiGnwM54TD6hNr/8TlUrBXAtTyGhR+zw=
github.com/aws/aws-sdk-go-v2/service/sso v1.17.0/go.mod h1:H6NCMvDBqA+CvIaXzaSqM6LWtzv9BzZrqBOqz+PzRF8=
github.com/aws/aws-sdk-go-v2/service/ssooidc v1.19.0 h1:irbXQkfVYIRaewYSXcu4yVk0m2T+JzZd0dkop7FjmO0=
github.com/aws/aws-sdk-go-v2/service/ssooidc v1.19.0/go.mod h1:4wPNCkM22+oRe71oydP66K50ojDUC33XutSMi2pEF/M=
github.com/aws/aws-sdk-go-v2/service/sts v1.25.0 h1:sYIFy8tm1xQwRvVQ4CRuBGXKIg9sHNuG6+3UAQuoujk=
github.com/aws/aws-sdk-go-v2/service/sts v1.25.0/go.mod h1:S/LOQUeYDfJeJpFCIJDMjy7dwL4aA33HUdVi+i7uH8k=
github.com/aws/smithy-go v1.16.0 h1:gJZEH/Fqh+RsvlJ1Zt4tVAtV6bKkp3cC+R6FCZMNzik=
github.com/aws/smithy-go v1.16.0/go.mod h1:NukqUGpCZIILqqiV0NIjeFh24kd/FAa4beRb6nbIUPE=
github.com/awslabs/aws-lambda-go-api-proxy v0.16.0 h1:7bVD5nk2sA6RQnBUlrZBz88T9GxYl+ycRez/zAWBApo=
github.com/awslabs/aws-lambda-go-api-proxy v0.16.0/go.mod h1:DPHlODrQDzpZ5IGRueOmrXthxReqhHHIAnHpI2nsaTw=
github.com/davecgh/go-spew v1.1.0/go.mod h1:J7Y8YcW2NihsgmVo/mv3lAwl/skON4iLHjSsI+c5H38=
github.com/davecgh/go-spew v1.1.1 h1:vj9j/u1bqnvCEfJOwUhtlOARqs3+rkHYY13jYWTU97c=
github.com/davecgh/go-spew v1.1.1/go.mod h1:J7Y8YcW2NihsgmVo/mv3lAwl/skON4iLHjSsI+c5H38=
github.com/fsnotify/fsnotify v1.5.4 h1:jRbGcIw6P2Meqdwuo0H1p6JVLbL5DHKAKlYndzMwVZI=
github.com/go-ole/go-ole v1.2.6 h1:/Fpf6oFPoeFik9ty7siob0G6Ke8QvQEuVcuChpwXzpY=
github.com/go-ole/go-ole v1.2.6/go.mod h1:pprOEPIfldk/42T2oK7lQ4v4JSDwmV0As9GaiUsvbm0=
github.com/golang-jwt/jwt/v4 v4.5.0 h1:7cYmW1XlMY7h7ii7UhUyChSgS5wUJEnm9uZVTGqOWzg=
github.com/golang-jwt/jwt/v4 v4.5.0/go.mod h1:m21LjoU+eqJr34lmDMbreY2eSTRJ1cv77w39/MY0Ch0=
github.com/google/go-cmp v0.5.6/go.mod h1:v8dTdLbMG2kIc/vJvl+f65V22dbkXbowE6jgT/gNBxE=
github.com/google/go-cmp v0.5.9 h1:O2Tfq5qg4qc4AmwVlvv0oLiVAGB7enBSJ2x2DqQFi38=
github.com/google/go-cmp v0.5.9/go.mod h1:17dUlkBOakJ0+DkrSSNjCkIjxS6bF9zb3elmeNGIjoY=
github.com/google/uuid v1.4.0 h1:MtMxsa51/r9yyhkyLsVeVt0B+BGQZzpQiTQ4eHZ8bc4=
github.com/google/uuid v1.4.0/go.mod h1:TIyPZe4MgqvfeYDBFedMoGGpEw/LqOeaOT+nhxU+yHo=
github.com/jmespath/go-jmespath v0.4.0 h1:BEgLn5cpjn8UN1mAw4NjwDrS35OdebyEtFe+9YPoQUg=
github.com/jmespath/go-jmespath v0.4.0/go.mod h1:T8mJZnbsbmF+m6zOOFylbeCJqk5+pHWvzYPziyZiYoo=
github.com/jmespath/go-jmespath/internal/testify v1.5.1 h1:shLQSRRSCCPj3f2gpwzGwWFoC7ycTf1rcQZHOlsJ6N8=
github.com/jmespath/go-jmespath/internal/testify v1.5.1/go.mod h1:L3OGu8Wl2/fWfCI6z80xFu9LTZmf1ZRjMHUOPmWr69U=
github.com/kruspe/music-rating/scripts v0.0.0-20230407120113-632dbacb0482 h1:hAa5fXqr8Rom2sHETV14JpPTbf+PQ4CkoroZUAbt120=
github.com/kruspe/music-rating/scripts v0.0.0-20230407120113-632dbacb0482/go.mod h1:1jLKgl5l5nUIGYyXeBEggSorQEYpB6t7JxLbAX/U0Xc=
github.com/lufia/plan9stats v0.0.0-20211012122336-39d0f177ccd0 h1:6E+4a0GO5zZEnZ81pIr0yLvtUWk2if982qA3F3QD6H4=
github.com/lufia/plan9stats v0.0.0-20211012122336-39d0f177ccd0/go.mod h1:zJYVVT2jmtg6P3p1VtQj7WsuWi/y4VnjVBn7F8KPB3I=
github.com/nxadm/tail v1.4.8 h1:nPr65rt6Y5JFSKQO7qToXr7pePgD6Gwiw05lkbyAQTE=
github.com/onsi/ginkgo v1.16.5 h1:8xi0RTUf59SOSfEtZMvwTvXYMzG4gV23XVHOZiXNtnE=
github.com/onsi/gomega v1.27.7 h1:fVih9JD6ogIiHUN6ePK7HJidyEDpWGVB5mzM7cWNXoU=
github.com/pmezard/go-difflib v1.0.0 h1:4DBwDE0NGyQoBHbLQYPwSUPoCMWR5BEzIk/f1lZbAQM=
github.com/pmezard/go-difflib v1.0.0/go.mod h1:iKH77koFhYxTK1pcRnkKkqfTogsbg7gZNVY4sRDYZ/4=
github.com/power-devops/perfstat v0.0.0-20210106213030-5aafc221ea8c h1:ncq/mPwQF4JjgDlrVEn3C11VoGHZN7m8qihwgMEtzYw=
github.com/power-devops/perfstat v0.0.0-20210106213030-5aafc221ea8c/go.mod h1:OmDBASR4679mdNQnz2pUhc2G8CO2JrUAVFDRBDP/hJE=
github.com/shirou/gopsutil/v3 v3.23.3 h1:Syt5vVZXUDXPEXpIBt5ziWsJ4LdSAAxF4l/xZeQgSEE=
github.com/shirou/gopsutil/v3 v3.23.3/go.mod h1:lSBNN6t3+D6W5e5nXTxc8KIMMVxAcS+6IJlffjRRlMU=
github.com/shoenig/go-m1cpu v0.1.4 h1:SZPIgRM2sEF9NJy50mRHu9PKGwxyyTTJIWvCtgVbozs=
github.com/shoenig/go-m1cpu v0.1.4/go.mod h1:Wwvst4LR89UxjeFtLRMrpgRiyY4xPsejnVZym39dbAQ=
github.com/shoenig/test v0.6.3 h1:GVXWJFk9PiOjN0KoJ7VrJGH6uLPnqxR7/fe3HUPfE0c=
github.com/shoenig/test v0.6.3/go.mod h1:byHiCGXqrVaflBLAMq/srcZIHynQPQgeyvkvXnjqq0k=
github.com/sirupsen/logrus v1.9.3 h1:dueUQJ1C2q9oE3F7wvmSGAaVtTmUizReu6fjN8uqzbQ=
github.com/sirupsen/logrus v1.9.3/go.mod h1:naHLuLoDiP4jHNo9R0sCBMtWGeIprob74mVsIT4qYEQ=
github.com/stretchr/objx v0.1.0/go.mod h1:HFkY916IF+rwdDfMAkV7OtwuqBVzrE8GR6GFx+wExME=
github.com/stretchr/objx v0.4.0/go.mod h1:YvHI0jy2hoMjB+UWwv71VJQ9isScKT/TqJzVSSt89Yw=
github.com/stretchr/objx v0.5.0/go.mod h1:Yh+to48EsGEfYuaHDzXPcE3xhTkx73EhmCGUpEOglKo=
github.com/stretchr/testify v1.7.0/go.mod h1:6Fq8oRcR53rry900zMqJjRRixrwX3KX962/h/Wwjteg=
github.com/stretchr/testify v1.7.1/go.mod h1:6Fq8oRcR53rry900zMqJjRRixrwX3KX962/h/Wwjteg=
github.com/stretchr/testify v1.8.0/go.mod h1:yNjHg4UonilssWZ8iaSj1OCr/vHnekPRkoO+kdMU+MU=
github.com/stretchr/testify v1.8.2/go.mod h1:w2LPCIKwWwSfY2zedu0+kehJoqGctiVI29o6fzry7u4=
github.com/stretchr/testify v1.8.4 h1:CcVxjf3Q8PM0mHUKJCdn+eZZtm5yQwehR5yeSVQQcUk=
github.com/stretchr/testify v1.8.4/go.mod h1:sz/lmYIOXD/1dqDmKjjqLyZ2RngseejIcXlSw2iwfAo=
github.com/tklauser/go-sysconf v0.3.11 h1:89WgdJhk5SNwJfu+GKyYveZ4IaJ7xAkecBo+KdJV0CM=
github.com/tklauser/go-sysconf v0.3.11/go.mod h1:GqXfhXY3kiPa0nAXPDIQIWzJbMCB7AmcWpGR8lSZfqI=
github.com/tklauser/numcpus v0.6.0 h1:kebhY2Qt+3U6RNK7UqpYNA+tJ23IBEGKkB7JQBfDYms=
github.com/tklauser/numcpus v0.6.0/go.mod h1:FEZLMke0lhOUG6w2JadTzp0a+Nl8PF/GFkQ5UVIcaL4=
github.com/yusufpapurcu/wmi v1.2.2 h1:KBNDSne4vP5mbSWnJbO+51IMOXJB67QiYCSBrubbPRg=
github.com/yusufpapurcu/wmi v1.2.2/go.mod h1:SBZ9tNy3G9/m5Oi98Zks0QjeHVDvuK0qfxQmPyzfmi0=
golang.org/x/net v0.10.0 h1:X2//UzNDwYmtCLn7To6G58Wr6f5ahEAQgKNzv9Y951M=
golang.org/x/sys v0.0.0-20190916202348-b4ddaad3f8a3/go.mod h1:h1NjWce9XRLGQEsW7wpKNCjG9DtNlClVuFLEZdDNbEs=
golang.org/x/sys v0.0.0-20201204225414-ed752295db88/go.mod h1:h1NjWce9XRLGQEsW7wpKNCjG9DtNlClVuFLEZdDNbEs=
golang.org/x/sys v0.0.0-20220715151400-c0bba94af5f8/go.mod h1:oPkhp1MJrh7nUepCBck5+mAzfO9JrbApNNgaTdGDITg=
golang.org/x/sys v0.2.0/go.mod h1:oPkhp1MJrh7nUepCBck5+mAzfO9JrbApNNgaTdGDITg=
golang.org/x/sys v0.6.0/go.mod h1:oPkhp1MJrh7nUepCBck5+mAzfO9JrbApNNgaTdGDITg=
golang.org/x/sys v0.8.0 h1:EBmGv8NaZBZTWvrbjNoL6HVt+IVy3QDQpJs7VRIw3tU=
golang.org/x/sys v0.8.0/go.mod h1:oPkhp1MJrh7nUepCBck5+mAzfO9JrbApNNgaTdGDITg=
golang.org/x/text v0.9.0 h1:2sjJmO8cDvYveuX97RDLsxlyUxLl+GHoLxBiRdHllBE=
golang.org/x/xerrors v0.0.0-20191204190536-9bdfabe68543/go.mod h1:I/5z698sn9Ka8TeJc9MKroUUfqBBauWjQqLJ2OPfmY0=
gopkg.in/check.v1 v0.0.0-20161208181325-20d25e280405 h1:yhCVgyC4o1eVCa2tZl7eS0r+SDo693bJlVdllGtEeKM=
gopkg.in/check.v1 v0.0.0-20161208181325-20d25e280405/go.mod h1:Co6ibVJAznAaIkqp8huTwlJQCZ016jof/cbN4VW5Yz0=
gopkg.in/tomb.v1 v1.0.0-20141024135613-dd632973f1e7 h1:uRGJdciOHaEIrze2W8Q3AKkepLTh2hOroT7a+7czfdQ=
gopkg.in/yaml.v2 v2.2.8/go.mod h1:hI93XBmqTisBFMUTm0b8Fm+jr3Dg1NNxqwp+5A1VGuI=
gopkg.in/yaml.v2 v2.4.0 h1:D8xgwECY7CYvx+Y2n4sBz93Jn9JRvxdiyyo8CTfuKaY=
gopkg.in/yaml.v3 v3.0.0-20200313102051-9f266ea9e77c/go.mod h1:K4uyk7z7BCEPqu6E+C64Yfv1cQ7kz7rIZviUmN+EgEM=
gopkg.in/yaml.v3 v3.0.1 h1:fxVm/GzAzEWqLHuvctI91KS9hhNmmWOoWu0XTYJS7CA=
gopkg.in/yaml.v3 v3.0.1/go.mod h1:K4uyk7z7BCEPqu6E+C64Yfv1cQ7kz7rIZviUmN+EgEM=
